{
  "name": "kaizen__",
  "lockfileVersion": 2,
  "requires": true,
  "packages": {
    "": {
      "dependencies": {
        "froala-editor": "^4.0.13"
      }
    },
    "node_modules/froala-editor": {
      "version": "4.0.13",
      "resolved": "https://registry.npmjs.org/froala-editor/-/froala-editor-4.0.13.tgz",
      "integrity": "sha512-1yWrnONJ080aBwifhwEGBd6K1V0HLg0aoZmxbTwKyf5G4JOssTdmNL+37qjxp7ZJd+ZH9ceFeeZ9gP+MGvFwJA=="
    }
  },
  "dependencies": {
    "froala-editor": {
      "version": "4.0.13",
      "resolved": "https://registry.npmjs.org/froala-editor/-/froala-editor-4.0.13.tgz",
      "integrity": "sha512-1yWrnONJ080aBwifhwEGBd6K1V0HLg0aoZmxbTwKyf5G4JOssTdmNL+37qjxp7ZJd+ZH9ceFeeZ9gP+MGvFwJA=="
    }
  }
}
